// !$*UTF8*$!
{
	archiveVersion = 1;
	classes = {
	};
	objectVersion = 46;
	objects = {

/* Begin PBXBuildFile section */
		7441BDF470FDAB83C4BDB045 /* libPods-LuvCurTests.a in Frameworks */ = {isa = PBXBuildFile; fileRef = E3719EB8222AC20E79BA2808 /* libPods-LuvCurTests.a */; };
		7A3508CECF516F5FC9120D73 /* libPods-LuvCur.a in Frameworks */ = {isa = PBXBuildFile; fileRef = E1E7F33B14A65BC1980A3853 /* libPods-LuvCur.a */; };
		962CBD511C73B43E00316B18 /* AppDelegate.swift in Sources */ = {isa = PBXBuildFile; fileRef = 962CBD501C73B43E00316B18 /* AppDelegate.swift */; };
		962CBD531C73B43E00316B18 /* CardsViewController.swift in Sources */ = {isa = PBXBuildFile; fileRef = 962CBD521C73B43E00316B18 /* CardsViewController.swift */; };
		962CBD561C73B43E00316B18 /* Main.storyboard in Resources */ = {isa = PBXBuildFile; fileRef = 962CBD541C73B43E00316B18 /* Main.storyboard */; };
		962CBD581C73B43E00316B18 /* Assets.xcassets in Resources */ = {isa = PBXBuildFile; fileRef = 962CBD571C73B43E00316B18 /* Assets.xcassets */; };
		962CBD5B1C73B43E00316B18 /* LaunchScreen.storyboard in Resources */ = {isa = PBXBuildFile; fileRef = 962CBD591C73B43E00316B18 /* LaunchScreen.storyboard */; };
		962CBD661C73B43F00316B18 /* LuvCurTests.swift in Sources */ = {isa = PBXBuildFile; fileRef = 962CBD651C73B43F00316B18 /* LuvCurTests.swift */; };
		962CBD711C73B43F00316B18 /* LuvCurUITests.swift in Sources */ = {isa = PBXBuildFile; fileRef = 962CBD701C73B43F00316B18 /* LuvCurUITests.swift */; };
		962CBD821C73B67400316B18 /* User.swift in Sources */ = {isa = PBXBuildFile; fileRef = 962CBD811C73B67400316B18 /* User.swift */; };
		962CBD851C73B68E00316B18 /* CardView.swift in Sources */ = {isa = PBXBuildFile; fileRef = 962CBD841C73B68E00316B18 /* CardView.swift */; };
		962CBD871C73D1A000316B18 /* SwipeView.swift in Sources */ = {isa = PBXBuildFile; fileRef = 962CBD861C73D1A000316B18 /* SwipeView.swift */; };
		96A5DD4A1C7B7A92000D90E7 /* Match.swift in Sources */ = {isa = PBXBuildFile; fileRef = 96A5DD491C7B7A92000D90E7 /* Match.swift */; };
		96A5DD4C1C7B7AC6000D90E7 /* Message.swift in Sources */ = {isa = PBXBuildFile; fileRef = 96A5DD4B1C7B7AC6000D90E7 /* Message.swift */; };
		96A5DD4E1C7B7B0A000D90E7 /* LoginViewController.swift in Sources */ = {isa = PBXBuildFile; fileRef = 96A5DD4D1C7B7B0A000D90E7 /* LoginViewController.swift */; };
		96A5DD501C7B7B4B000D90E7 /* ViewController.swift in Sources */ = {isa = PBXBuildFile; fileRef = 96A5DD4F1C7B7B4B000D90E7 /* ViewController.swift */; };
		96A5DD521C7B7BCA000D90E7 /* ProfileViewController.swift in Sources */ = {isa = PBXBuildFile; fileRef = 96A5DD511C7B7BCA000D90E7 /* ProfileViewController.swift */; };
		96A5DD541C7B7BF5000D90E7 /* MatchesViewController.swift in Sources */ = {isa = PBXBuildFile; fileRef = 96A5DD531C7B7BF5000D90E7 /* MatchesViewController.swift */; };
		96A5DD561C7B7C2C000D90E7 /* ChatViewController.swift in Sources */ = {isa = PBXBuildFile; fileRef = 96A5DD551C7B7C2C000D90E7 /* ChatViewController.swift */; };
		96A5DD581C7B7CFA000D90E7 /* UserCell.swift in Sources */ = {isa = PBXBuildFile; fileRef = 96A5DD571C7B7CFA000D90E7 /* UserCell.swift */; };
		96A5DD5A1C7B7DEE000D90E7 /* Constants.swift in Sources */ = {isa = PBXBuildFile; fileRef = 96A5DD591C7B7DEE000D90E7 /* Constants.swift */; };
		CBD11877214A4B4A05C72EE2 /* libPods-LuvCurUITests.a in Frameworks */ = {isa = PBXBuildFile; fileRef = 416ADBA16B2227ACA593E57D /* libPods-LuvCurUITests.a */; };
/* End PBXBuildFile section */

/* Begin PBXContainerItemProxy section */
		962CBD621C73B43F00316B18 /* PBXContainerItemProxy */ = {
			isa = PBXContainerItemProxy;
			containerPortal = 962CBD451C73B43E00316B18 /* Project object */;
			proxyType = 1;
			remoteGlobalIDString = 962CBD4C1C73B43E00316B18;
			remoteInfo = LuvCur;
		};
		962CBD6D1C73B43F00316B18 /* PBXContainerItemProxy */ = {
			isa = PBXContainerItemProxy;
			containerPortal = 962CBD451C73B43E00316B18 /* Project object */;
			proxyType = 1;
			remoteGlobalIDString = 962CBD4C1C73B43E00316B18;
			remoteInfo = LuvCur;
		};
/* End PBXContainerItemProxy section */

/* Begin PBXFileReference section */
		0033E0F66DC87384ABE00A22 /* Pods-LuvCurUITests.release.xcconfig */ = {isa = PBXFileReference; includeInIndex = 1; lastKnownFileType = text.xcconfig; name = "Pods-LuvCurUITests.release.xcconfig"; path = "Pods/Target Support Files/Pods-LuvCurUITests/Pods-LuvCurUITests.release.xcconfig"; sourceTree = "<group>"; };
		283B823A95D87B4F47FF363A /* Pods-LuvCur.debug.xcconfig */ = {isa = PBXFileReference; includeInIndex = 1; lastKnownFileType = text.xcconfig; name = "Pods-LuvCur.debug.xcconfig"; path = "Pods/Target Support Files/Pods-LuvCur/Pods-LuvCur.debug.xcconfig"; sourceTree = "<group>"; };
		416ADBA16B2227ACA593E57D /* libPods-LuvCurUITests.a */ = {isa = PBXFileReference; explicitFileType = archive.ar; includeInIndex = 0; path = "libPods-LuvCurUITests.a"; sourceTree = BUILT_PRODUCTS_DIR; };
		4766B641E4F558C386ADBCD0 /* Pods-LuvCur.release.xcconfig */ = {isa = PBXFileReference; includeInIndex = 1; lastKnownFileType = text.xcconfig; name = "Pods-LuvCur.release.xcconfig"; path = "Pods/Target Support Files/Pods-LuvCur/Pods-LuvCur.release.xcconfig"; sourceTree = "<group>"; };
		4812FCD281AE9B3293B5F1B1 /* Pods-LuvCurTests.debug.xcconfig */ = {isa = PBXFileReference; includeInIndex = 1; lastKnownFileType = text.xcconfig; name = "Pods-LuvCurTests.debug.xcconfig"; path = "Pods/Target Support Files/Pods-LuvCurTests/Pods-LuvCurTests.debug.xcconfig"; sourceTree = "<group>"; };
		962CBD4D1C73B43E00316B18 /* LuvCur.app */ = {isa = PBXFileReference; explicitFileType = wrapper.application; includeInIndex = 0; path = LuvCur.app; sourceTree = BUILT_PRODUCTS_DIR; };
		962CBD501C73B43E00316B18 /* AppDelegate.swift */ = {isa = PBXFileReference; lastKnownFileType = sourcecode.swift; path = AppDelegate.swift; sourceTree = "<group>"; };
		962CBD521C73B43E00316B18 /* CardsViewController.swift */ = {isa = PBXFileReference; lastKnownFileType = sourcecode.swift; path = CardsViewController.swift; sourceTree = "<group>"; };
		962CBD551C73B43E00316B18 /* Base */ = {isa = PBXFileReference; lastKnownFileType = file.storyboard; name = Base; path = Base.lproj/Main.storyboard; sourceTree = "<group>"; };
		962CBD571C73B43E00316B18 /* Assets.xcassets */ = {isa = PBXFileReference; lastKnownFileType = folder.assetcatalog; path = Assets.xcassets; sourceTree = "<group>"; };
		962CBD5A1C73B43E00316B18 /* Base */ = {isa = PBXFileReference; lastKnownFileType = file.storyboard; name = Base; path = Base.lproj/LaunchScreen.storyboard; sourceTree = "<group>"; };
		962CBD5C1C73B43E00316B18 /* Info.plist */ = {isa = PBXFileReference; lastKnownFileType = text.plist.xml; path = Info.plist; sourceTree = "<group>"; };
		962CBD611C73B43F00316B18 /* LuvCurTests.xctest */ = {isa = PBXFileReference; explicitFileType = wrapper.cfbundle; includeInIndex = 0; path = LuvCurTests.xctest; sourceTree = BUILT_PRODUCTS_DIR; };
		962CBD651C73B43F00316B18 /* LuvCurTests.swift */ = {isa = PBXFileReference; lastKnownFileType = sourcecode.swift; path = LuvCurTests.swift; sourceTree = "<group>"; };
		962CBD671C73B43F00316B18 /* Info.plist */ = {isa = PBXFileReference; lastKnownFileType = text.plist.xml; path = Info.plist; sourceTree = "<group>"; };
		962CBD6C1C73B43F00316B18 /* LuvCurUITests.xctest */ = {isa = PBXFileReference; explicitFileType = wrapper.cfbundle; includeInIndex = 0; path = LuvCurUITests.xctest; sourceTree = BUILT_PRODUCTS_DIR; };
		962CBD701C73B43F00316B18 /* LuvCurUITests.swift */ = {isa = PBXFileReference; lastKnownFileType = sourcecode.swift; path = LuvCurUITests.swift; sourceTree = "<group>"; };
		962CBD721C73B43F00316B18 /* Info.plist */ = {isa = PBXFileReference; lastKnownFileType = text.plist.xml; path = Info.plist; sourceTree = "<group>"; };
		962CBD811C73B67400316B18 /* User.swift */ = {isa = PBXFileReference; fileEncoding = 4; lastKnownFileType = sourcecode.swift; name = User.swift; path = ../User.swift; sourceTree = "<group>"; };
		962CBD841C73B68E00316B18 /* CardView.swift */ = {isa = PBXFileReference; fileEncoding = 4; lastKnownFileType = sourcecode.swift; path = CardView.swift; sourceTree = "<group>"; };
		962CBD861C73D1A000316B18 /* SwipeView.swift */ = {isa = PBXFileReference; fileEncoding = 4; lastKnownFileType = sourcecode.swift; path = SwipeView.swift; sourceTree = "<group>"; };
		96A5DD491C7B7A92000D90E7 /* Match.swift */ = {isa = PBXFileReference; fileEncoding = 4; lastKnownFileType = sourcecode.swift; path = Match.swift; sourceTree = "<group>"; };
		96A5DD4B1C7B7AC6000D90E7 /* Message.swift */ = {isa = PBXFileReference; fileEncoding = 4; lastKnownFileType = sourcecode.swift; path = Message.swift; sourceTree = "<group>"; };
		96A5DD4D1C7B7B0A000D90E7 /* LoginViewController.swift */ = {isa = PBXFileReference; fileEncoding = 4; lastKnownFileType = sourcecode.swift; path = LoginViewController.swift; sourceTree = "<group>"; };
		96A5DD4F1C7B7B4B000D90E7 /* ViewController.swift */ = {isa = PBXFileReference; fileEncoding = 4; lastKnownFileType = sourcecode.swift; path = ViewController.swift; sourceTree = "<group>"; };
		96A5DD511C7B7BCA000D90E7 /* ProfileViewController.swift */ = {isa = PBXFileReference; fileEncoding = 4; lastKnownFileType = sourcecode.swift; path = ProfileViewController.swift; sourceTree = "<group>"; };
		96A5DD531C7B7BF5000D90E7 /* MatchesViewController.swift */ = {isa = PBXFileReference; fileEncoding = 4; lastKnownFileType = sourcecode.swift; path = MatchesViewController.swift; sourceTree = "<group>"; };
		96A5DD551C7B7C2C000D90E7 /* ChatViewController.swift */ = {isa = PBXFileReference; fileEncoding = 4; lastKnownFileType = sourcecode.swift; path = ChatViewController.swift; sourceTree = "<group>"; };
		96A5DD571C7B7CFA000D90E7 /* UserCell.swift */ = {isa = PBXFileReference; fileEncoding = 4; lastKnownFileType = sourcecode.swift; path = UserCell.swift; sourceTree = "<group>"; };
		96A5DD591C7B7DEE000D90E7 /* Constants.swift */ = {isa = PBXFileReference; fileEncoding = 4; lastKnownFileType = sourcecode.swift; path = Constants.swift; sourceTree = "<group>"; };
		D7E7419C6AC64E5982C8F71A /* Pods-LuvCurUITests.debug.xcconfig */ = {isa = PBXFileReference; includeInIndex = 1; lastKnownFileType = text.xcconfig; name = "Pods-LuvCurUITests.debug.xcconfig"; path = "Pods/Target Support Files/Pods-LuvCurUITests/Pods-LuvCurUITests.debug.xcconfig"; sourceTree = "<group>"; };
		E1E7F33B14A65BC1980A3853 /* libPods-LuvCur.a */ = {isa = PBXFileReference; explicitFileType = archive.ar; includeInIndex = 0; path = "libPods-LuvCur.a"; sourceTree = BUILT_PRODUCTS_DIR; };
		E3719EB8222AC20E79BA2808 /* libPods-LuvCurTests.a */ = {isa = PBXFileReference; explicitFileType = archive.ar; includeInIndex = 0; path = "libPods-LuvCurTests.a"; sourceTree = BUILT_PRODUCTS_DIR; };
		ED0656ED2CF01B372874BD43 /* Pods-LuvCurTests.release.xcconfig */ = {isa = PBXFileReference; includeInIndex = 1; lastKnownFileType = text.xcconfig; name = "Pods-LuvCurTests.release.xcconfig"; path = "Pods/Target Support Files/Pods-LuvCurTests/Pods-LuvCurTests.release.xcconfig"; sourceTree = "<group>"; };
/* End PBXFileReference section */

/* Begin PBXFrameworksBuildPhase section */
		962CBD4A1C73B43E00316B18 /* Frameworks */ = {
			isa = PBXFrameworksBuildPhase;
			buildActionMask = 2147483647;
			files = (
				7A3508CECF516F5FC9120D73 /* libPods-LuvCur.a in Frameworks */,
			);
			runOnlyForDeploymentPostprocessing = 0;
		};
		962CBD5E1C73B43F00316B18 /* Frameworks */ = {
			isa = PBXFrameworksBuildPhase;
			buildActionMask = 2147483647;
			files = (
				7441BDF470FDAB83C4BDB045 /* libPods-LuvCurTests.a in Frameworks */,
			);
			runOnlyForDeploymentPostprocessing = 0;
		};
		962CBD691C73B43F00316B18 /* Frameworks */ = {
			isa = PBXFrameworksBuildPhase;
			buildActionMask = 2147483647;
			files = (
				CBD11877214A4B4A05C72EE2 /* libPods-LuvCurUITests.a in Frameworks */,
			);
			runOnlyForDeploymentPostprocessing = 0;
		};
/* End PBXFrameworksBuildPhase section */

/* Begin PBXGroup section */
		962CBD441C73B43E00316B18 = {
			isa = PBXGroup;
			children = (
				962CBD4F1C73B43E00316B18 /* LuvCur */,
				962CBD641C73B43F00316B18 /* LuvCurTests */,
				962CBD6F1C73B43F00316B18 /* LuvCurUITests */,
				962CBD4E1C73B43E00316B18 /* Products */,
				E4030D087D651DECE72052A8 /* Pods */,
				993041CA3151589FAA82DF37 /* Frameworks */,
			);
			sourceTree = "<group>";
		};
		962CBD4E1C73B43E00316B18 /* Products */ = {
			isa = PBXGroup;
			children = (
				962CBD4D1C73B43E00316B18 /* LuvCur.app */,
				962CBD611C73B43F00316B18 /* LuvCurTests.xctest */,
				962CBD6C1C73B43F00316B18 /* LuvCurUITests.xctest */,
			);
			name = Products;
			sourceTree = "<group>";
		};
		962CBD4F1C73B43E00316B18 /* LuvCur */ = {
			isa = PBXGroup;
			children = (
				962CBD831C73B67E00316B18 /* Models */,
				962CBD7E1C73B63900316B18 /* Views */,
				962CBD7F1C73B64100316B18 /* Controllers */,
				962CBD801C73B64A00316B18 /* Supporting Files */,
			);
			path = LuvCur;
			sourceTree = "<group>";
		};
		962CBD641C73B43F00316B18 /* LuvCurTests */ = {
			isa = PBXGroup;
			children = (
				962CBD651C73B43F00316B18 /* LuvCurTests.swift */,
				962CBD671C73B43F00316B18 /* Info.plist */,
			);
			path = LuvCurTests;
			sourceTree = "<group>";
		};
		962CBD6F1C73B43F00316B18 /* LuvCurUITests */ = {
			isa = PBXGroup;
			children = (
				962CBD701C73B43F00316B18 /* LuvCurUITests.swift */,
				962CBD721C73B43F00316B18 /* Info.plist */,
			);
			path = LuvCurUITests;
			sourceTree = "<group>";
		};
		962CBD7E1C73B63900316B18 /* Views */ = {
			isa = PBXGroup;
			children = (
				962CBD841C73B68E00316B18 /* CardView.swift */,
				962CBD861C73D1A000316B18 /* SwipeView.swift */,
				962CBD541C73B43E00316B18 /* Main.storyboard */,
				962CBD571C73B43E00316B18 /* Assets.xcassets */,
				962CBD591C73B43E00316B18 /* LaunchScreen.storyboard */,
				96A5DD571C7B7CFA000D90E7 /* UserCell.swift */,
			);
			name = Views;
			sourceTree = "<group>";
		};
		962CBD7F1C73B64100316B18 /* Controllers */ = {
			isa = PBXGroup;
			children = (
				96A5DD4F1C7B7B4B000D90E7 /* ViewController.swift */,
				96A5DD4D1C7B7B0A000D90E7 /* LoginViewController.swift */,
				96A5DD511C7B7BCA000D90E7 /* ProfileViewController.swift */,
				962CBD521C73B43E00316B18 /* CardsViewController.swift */,
				96A5DD531C7B7BF5000D90E7 /* MatchesViewController.swift */,
				96A5DD551C7B7C2C000D90E7 /* ChatViewController.swift */,
			);
			name = Controllers;
			sourceTree = "<group>";
		};
		962CBD801C73B64A00316B18 /* Supporting Files */ = {
			isa = PBXGroup;
			children = (
				96A5DD591C7B7DEE000D90E7 /* Constants.swift */,
				962CBD5C1C73B43E00316B18 /* Info.plist */,
				962CBD501C73B43E00316B18 /* AppDelegate.swift */,
			);
			name = "Supporting Files";
			sourceTree = "<group>";
		};
		962CBD831C73B67E00316B18 /* Models */ = {
			isa = PBXGroup;
			children = (
				962CBD811C73B67400316B18 /* User.swift */,
				96A5DD491C7B7A92000D90E7 /* Match.swift */,
				96A5DD4B1C7B7AC6000D90E7 /* Message.swift */,
			);
			name = Models;
			sourceTree = "<group>";
		};
		993041CA3151589FAA82DF37 /* Frameworks */ = {
			isa = PBXGroup;
			children = (
				E1E7F33B14A65BC1980A3853 /* libPods-LuvCur.a */,
				E3719EB8222AC20E79BA2808 /* libPods-LuvCurTests.a */,
				416ADBA16B2227ACA593E57D /* libPods-LuvCurUITests.a */,
			);
			name = Frameworks;
			sourceTree = "<group>";
		};
		E4030D087D651DECE72052A8 /* Pods */ = {
			isa = PBXGroup;
			children = (
				283B823A95D87B4F47FF363A /* Pods-LuvCur.debug.xcconfig */,
				4766B641E4F558C386ADBCD0 /* Pods-LuvCur.release.xcconfig */,
				4812FCD281AE9B3293B5F1B1 /* Pods-LuvCurTests.debug.xcconfig */,
				ED0656ED2CF01B372874BD43 /* Pods-LuvCurTests.release.xcconfig */,
				D7E7419C6AC64E5982C8F71A /* Pods-LuvCurUITests.debug.xcconfig */,
				0033E0F66DC87384ABE00A22 /* Pods-LuvCurUITests.release.xcconfig */,
			);
			name = Pods;
			sourceTree = "<group>";
		};
/* End PBXGroup section */

/* Begin PBXNativeTarget section */
		962CBD4C1C73B43E00316B18 /* LuvCur */ = {
			isa = PBXNativeTarget;
			buildConfigurationList = 962CBD751C73B43F00316B18 /* Build configuration list for PBXNativeTarget "LuvCur" */;
			buildPhases = (
				693C0BC00B417F8F31C409E0 /* Check Pods Manifest.lock */,
				962CBD491C73B43E00316B18 /* Sources */,
				962CBD4A1C73B43E00316B18 /* Frameworks */,
				962CBD4B1C73B43E00316B18 /* Resources */,
				505DB1ACD0C8B73BF38204C9 /* Embed Pods Frameworks */,
				B1D0387CD6F216AF5FD5C291 /* Copy Pods Resources */,
			);
			buildRules = (
			);
			dependencies = (
			);
			name = LuvCur;
			productName = LuvCur;
			productReference = 962CBD4D1C73B43E00316B18 /* LuvCur.app */;
			productType = "com.apple.product-type.application";
		};
		962CBD601C73B43F00316B18 /* LuvCurTests */ = {
			isa = PBXNativeTarget;
			buildConfigurationList = 962CBD781C73B43F00316B18 /* Build configuration list for PBXNativeTarget "LuvCurTests" */;
			buildPhases = (
				F07D35914F115464CF69DCDC /* Check Pods Manifest.lock */,
				962CBD5D1C73B43F00316B18 /* Sources */,
				962CBD5E1C73B43F00316B18 /* Frameworks */,
				962CBD5F1C73B43F00316B18 /* Resources */,
				E55A4B2BBDB34DA08FE46E85 /* Embed Pods Frameworks */,
				6A87FB49F9BBF59745EFA7A2 /* Copy Pods Resources */,
			);
			buildRules = (
			);
			dependencies = (
				962CBD631C73B43F00316B18 /* PBXTargetDependency */,
			);
			name = LuvCurTests;
			productName = LuvCurTests;
			productReference = 962CBD611C73B43F00316B18 /* LuvCurTests.xctest */;
			productType = "com.apple.product-type.bundle.unit-test";
		};
		962CBD6B1C73B43F00316B18 /* LuvCurUITests */ = {
			isa = PBXNativeTarget;
			buildConfigurationList = 962CBD7B1C73B43F00316B18 /* Build configuration list for PBXNativeTarget "LuvCurUITests" */;
			buildPhases = (
				D065A561E38FD458CC58E043 /* Check Pods Manifest.lock */,
				962CBD681C73B43F00316B18 /* Sources */,
				962CBD691C73B43F00316B18 /* Frameworks */,
				962CBD6A1C73B43F00316B18 /* Resources */,
				6E937F8D7557B71E9CD97D25 /* Copy Pods Resources */,
			);
			buildRules = (
			);
			dependencies = (
				962CBD6E1C73B43F00316B18 /* PBXTargetDependency */,
			);
			name = LuvCurUITests;
			productName = LuvCurUITests;
			productReference = 962CBD6C1C73B43F00316B18 /* LuvCurUITests.xctest */;
			productType = "com.apple.product-type.bundle.ui-testing";
		};
/* End PBXNativeTarget section */

/* Begin PBXProject section */
		962CBD451C73B43E00316B18 /* Project object */ = {
			isa = PBXProject;
			attributes = {
				LastSwiftUpdateCheck = 0720;
				LastUpgradeCheck = 0720;
				ORGANIZATIONNAME = LuvCur;
				TargetAttributes = {
					962CBD4C1C73B43E00316B18 = {
						CreatedOnToolsVersion = 7.2.1;
					};
					962CBD601C73B43F00316B18 = {
						CreatedOnToolsVersion = 7.2.1;
						TestTargetID = 962CBD4C1C73B43E00316B18;
					};
					962CBD6B1C73B43F00316B18 = {
						CreatedOnToolsVersion = 7.2.1;
						TestTargetID = 962CBD4C1C73B43E00316B18;
					};
				};
			};
			buildConfigurationList = 962CBD481C73B43E00316B18 /* Build configuration list for PBXProject "LuvCur" */;
			compatibilityVersion = "Xcode 3.2";
			developmentRegion = English;
			hasScannedForEncodings = 0;
			knownRegions = (
				en,
				Base,
			);
			mainGroup = 962CBD441C73B43E00316B18;
			productRefGroup = 962CBD4E1C73B43E00316B18 /* Products */;
			projectDirPath = "";
			projectRoot = "";
			targets = (
				962CBD4C1C73B43E00316B18 /* LuvCur */,
				962CBD601C73B43F00316B18 /* LuvCurTests */,
				962CBD6B1C73B43F00316B18 /* LuvCurUITests */,
			);
		};
/* End PBXProject section */

/* Begin PBXResourcesBuildPhase section */
		962CBD4B1C73B43E00316B18 /* Resources */ = {
			isa = PBXResourcesBuildPhase;
			buildActionMask = 2147483647;
			files = (
				962CBD5B1C73B43E00316B18 /* LaunchScreen.storyboard in Resources */,
				962CBD581C73B43E00316B18 /* Assets.xcassets in Resources */,
				962CBD561C73B43E00316B18 /* Main.storyboard in Resources */,
			);
			runOnlyForDeploymentPostprocessing = 0;
		};
		962CBD5F1C73B43F00316B18 /* Resources */ = {
			isa = PBXResourcesBuildPhase;
			buildActionMask = 2147483647;
			files = (
			);
			runOnlyForDeploymentPostprocessing = 0;
		};
		962CBD6A1C73B43F00316B18 /* Resources */ = {
			isa = PBXResourcesBuildPhase;
			buildActionMask = 2147483647;
			files = (
			);
			runOnlyForDeploymentPostprocessing = 0;
		};
/* End PBXResourcesBuildPhase section */

/* Begin PBXShellScriptBuildPhase section */
		505DB1ACD0C8B73BF38204C9 /* Embed Pods Frameworks */ = {
			isa = PBXShellScriptBuildPhase;
			buildActionMask = 2147483647;
			files = (
			);
			inputPaths = (
			);
			name = "Embed Pods Frameworks";
			outputPaths = (
			);
			runOnlyForDeploymentPostprocessing = 0;
			shellPath = /bin/sh;
			shellScript = "\"${SRCROOT}/Pods/Target Support Files/Pods-LuvCur/Pods-LuvCur-frameworks.sh\"\n";
			showEnvVarsInLog = 0;
		};
		693C0BC00B417F8F31C409E0 /* Check Pods Manifest.lock */ = {
			isa = PBXShellScriptBuildPhase;
			buildActionMask = 2147483647;
			files = (
			);
			inputPaths = (
			);
			name = "Check Pods Manifest.lock";
			outputPaths = (
			);
			runOnlyForDeploymentPostprocessing = 0;
			shellPath = /bin/sh;
			shellScript = "diff \"${PODS_ROOT}/../Podfile.lock\" \"${PODS_ROOT}/Manifest.lock\" > /dev/null\nif [[ $? != 0 ]] ; then\n    cat << EOM\nerror: The sandbox is not in sync with the Podfile.lock. Run 'pod install' or update your CocoaPods installation.\nEOM\n    exit 1\nfi\n";
			showEnvVarsInLog = 0;
		};
		6A87FB49F9BBF59745EFA7A2 /* Copy Pods Resources */ = {
			isa = PBXShellScriptBuildPhase;
			buildActionMask = 2147483647;
			files = (
			);
			inputPaths = (
			);
			name = "Copy Pods Resources";
			outputPaths = (
			);
			runOnlyForDeploymentPostprocessing = 0;
			shellPath = /bin/sh;
			shellScript = "\"${SRCROOT}/Pods/Target Support Files/Pods-LuvCurTests/Pods-LuvCurTests-resources.sh\"\n";
			showEnvVarsInLog = 0;
		};
		6E937F8D7557B71E9CD97D25 /* Copy Pods Resources */ = {
			isa = PBXShellScriptBuildPhase;
			buildActionMask = 2147483647;
			files = (
			);
			inputPaths = (
			);
			name = "Copy Pods Resources";
			outputPaths = (
			);
			runOnlyForDeploymentPostprocessing = 0;
			shellPath = /bin/sh;
			shellScript = "\"${SRCROOT}/Pods/Target Support Files/Pods-LuvCurUITests/Pods-LuvCurUITests-resources.sh\"\n";
			showEnvVarsInLog = 0;
		};
		B1D0387CD6F216AF5FD5C291 /* Copy Pods Resources */ = {
			isa = PBXShellScriptBuildPhase;
			buildActionMask = 2147483647;
			files = (
			);
			inputPaths = (
			);
			name = "Copy Pods Resources";
			outputPaths = (
			);
			runOnlyForDeploymentPostprocessing = 0;
			shellPath = /bin/sh;
			shellScript = "\"${SRCROOT}/Pods/Target Support Files/Pods-LuvCur/Pods-LuvCur-resources.sh\"\n";
			showEnvVarsInLog = 0;
		};
		D065A561E38FD458CC58E043 /* Check Pods Manifest.lock */ = {
			isa = PBXShellScriptBuildPhase;
			buildActionMask = 2147483647;
			files = (
			);
			inputPaths = (
			);
			name = "Check Pods Manifest.lock";
			outputPaths = (
			);
			runOnlyForDeploymentPostprocessing = 0;
			shellPath = /bin/sh;
			shellScript = "diff \"${PODS_ROOT}/../Podfile.lock\" \"${PODS_ROOT}/Manifest.lock\" > /dev/null\nif [[ $? != 0 ]] ; then\n    cat << EOM\nerror: The sandbox is not in sync with the Podfile.lock. Run 'pod install' or update your CocoaPods installation.\nEOM\n    exit 1\nfi\n";
			showEnvVarsInLog = 0;
		};
		E55A4B2BBDB34DA08FE46E85 /* Embed Pods Frameworks */ = {
			isa = PBXShellScriptBuildPhase;
			buildActionMask = 2147483647;
			files = (
			);
			inputPaths = (
			);
			name = "Embed Pods Frameworks";
			outputPaths = (
			);
			runOnlyForDeploymentPostprocessing = 0;
			shellPath = /bin/sh;
			shellScript = "\"${SRCROOT}/Pods/Target Support Files/Pods-LuvCurTests/Pods-LuvCurTests-frameworks.sh\"\n";
			showEnvVarsInLog = 0;
		};
		F07D35914F115464CF69DCDC /* Check Pods Manifest.lock */ = {
			isa = PBXShellScriptBuildPhase;
			buildActionMask = 2147483647;
			files = (
			);
			inputPaths = (
			);
			name = "Check Pods Manifest.lock";
			outputPaths = (
			);
			runOnlyForDeploymentPostprocessing = 0;
			shellPath = /bin/sh;
			shellScript = "diff \"${PODS_ROOT}/../Podfile.lock\" \"${PODS_ROOT}/Manifest.lock\" > /dev/null\nif [[ $? != 0 ]] ; then\n    cat << EOM\nerror: The sandbox is not in sync with the Podfile.lock. Run 'pod install' or update your CocoaPods installation.\nEOM\n    exit 1\nfi\n";
			showEnvVarsInLog = 0;
		};
/* End PBXShellScriptBuildPhase section */

/* Begin PBXSourcesBuildPhase section */
		962CBD491C73B43E00316B18 /* Sources */ = {
			isa = PBXSourcesBuildPhase;
			buildActionMask = 2147483647;
			files = (
				962CBD531C73B43E00316B18 /* CardsViewController.swift in Sources */,
				96A5DD581C7B7CFA000D90E7 /* UserCell.swift in Sources */,
				962CBD511C73B43E00316B18 /* AppDelegate.swift in Sources */,
				96A5DD521C7B7BCA000D90E7 /* ProfileViewController.swift in Sources */,
				962CBD851C73B68E00316B18 /* CardView.swift in Sources */,
				96A5DD501C7B7B4B000D90E7 /* ViewController.swift in Sources */,
				96A5DD541C7B7BF5000D90E7 /* MatchesViewController.swift in Sources */,
				962CBD871C73D1A000316B18 /* SwipeView.swift in Sources */,
				96A5DD4E1C7B7B0A000D90E7 /* LoginViewController.swift in Sources */,
				962CBD821C73B67400316B18 /* User.swift in Sources */,
				96A5DD4A1C7B7A92000D90E7 /* Match.swift in Sources */,
				96A5DD5A1C7B7DEE000D90E7 /* Constants.swift in Sources */,
				96A5DD561C7B7C2C000D90E7 /* ChatViewController.swift in Sources */,
				96A5DD4C1C7B7AC6000D90E7 /* Message.swift in Sources */,
			);
			runOnlyForDeploymentPostprocessing = 0;
		};
		962CBD5D1C73B43F00316B18 /* Sources */ = {
			isa = PBXSourcesBuildPhase;
			buildActionMask = 2147483647;
			files = (
				962CBD661C73B43F00316B18 /* LuvCurTests.swift in Sources */,
			);
			runOnlyForDeploymentPostprocessing = 0;
		};
		962CBD681C73B43F00316B18 /* Sources */ = {
			isa = PBXSourcesBuildPhase;
			buildActionMask = 2147483647;
			files = (
				962CBD711C73B43F00316B18 /* LuvCurUITests.swift in Sources */,
			);
			runOnlyForDeploymentPostprocessing = 0;
		};
/* End PBXSourcesBuildPhase section */

/* Begin PBXTargetDependency section */
		962CBD631C73B43F00316B18 /* PBXTargetDependency */ = {
			isa = PBXTargetDependency;
			target = 962CBD4C1C73B43E00316B18 /* LuvCur */;
			targetProxy = 962CBD621C73B43F00316B18 /* PBXContainerItemProxy */;
		};
		962CBD6E1C73B43F00316B18 /* PBXTargetDependency */ = {
			isa = PBXTargetDependency;
			target = 962CBD4C1C73B43E00316B18 /* LuvCur */;
			targetProxy = 962CBD6D1C73B43F00316B18 /* PBXContainerItemProxy */;
		};
/* End PBXTargetDependency section */

/* Begin PBXVariantGroup section */
		962CBD541C73B43E00316B18 /* Main.storyboard */ = {
			isa = PBXVariantGroup;
			children = (
				962CBD551C73B43E00316B18 /* Base */,
			);
			name = Main.storyboard;
			sourceTree = "<group>";
		};
		962CBD591C73B43E00316B18 /* LaunchScreen.storyboard */ = {
			isa = PBXVariantGroup;
			children = (
				962CBD5A1C73B43E00316B18 /* Base */,
			);
			name = LaunchScreen.storyboard;
			sourceTree = "<group>";
		};
/* End PBXVariantGroup section */

/* Begin XCBuildConfiguration section */
		962CBD731C73B43F00316B18 /* Debug */ = {
			isa = XCBuildConfiguration;
			buildSettings = {
				ALWAYS_SEARCH_USER_PATHS = NO;
				CLANG_CXX_LANGUAGE_STANDARD = "gnu++0x";
				CLANG_CXX_LIBRARY = "libc++";
				CLANG_ENABLE_MODULES = YES;
				CLANG_ENABLE_OBJC_ARC = YES;
				CLANG_WARN_BOOL_CONVERSION = YES;
				CLANG_WARN_CONSTANT_CONVERSION = YES;
				CLANG_WARN_DIRECT_OBJC_ISA_USAGE = YES_ERROR;
				CLANG_WARN_EMPTY_BODY = YES;
				CLANG_WARN_ENUM_CONVERSION = YES;
				CLANG_WARN_INT_CONVERSION = YES;
				CLANG_WARN_OBJC_ROOT_CLASS = YES_ERROR;
				CLANG_WARN_UNREACHABLE_CODE = YES;
				CLANG_WARN__DUPLICATE_METHOD_MATCH = YES;
				"CODE_SIGN_IDENTITY[sdk=iphoneos*]" = "iPhone Developer";
				COPY_PHASE_STRIP = NO;
				DEBUG_INFORMATION_FORMAT = dwarf;
				ENABLE_STRICT_OBJC_MSGSEND = YES;
				ENABLE_TESTABILITY = YES;
				GCC_C_LANGUAGE_STANDARD = gnu99;
				GCC_DYNAMIC_NO_PIC = NO;
				GCC_NO_COMMON_BLOCKS = YES;
				GCC_OPTIMIZATION_LEVEL = 0;
				GCC_PREPROCESSOR_DEFINITIONS = (
					"DEBUG=1",
					"$(inherited)",
				);
				GCC_WARN_64_TO_32_BIT_CONVERSION = YES;
				GCC_WARN_ABOUT_RETURN_TYPE = YES_ERROR;
				GCC_WARN_UNDECLARED_SELECTOR = YES;
				GCC_WARN_UNINITIALIZED_AUTOS = YES_AGGRESSIVE;
				GCC_WARN_UNUSED_FUNCTION = YES;
				GCC_WARN_UNUSED_VARIABLE = YES;
				IPHONEOS_DEPLOYMENT_TARGET = 9.2;
				MTL_ENABLE_DEBUG_INFO = YES;
				ONLY_ACTIVE_ARCH = YES;
				SDKROOT = iphoneos;
				SWIFT_OPTIMIZATION_LEVEL = "-Onone";
				TARGETED_DEVICE_FAMILY = "1,2";
			};
			name = Debug;
		};
		962CBD741C73B43F00316B18 /* Release */ = {
			isa = XCBuildConfiguration;
			buildSettings = {
				ALWAYS_SEARCH_USER_PATHS = NO;
				CLANG_CXX_LANGUAGE_STANDARD = "gnu++0x";
				CLANG_CXX_LIBRARY = "libc++";
				CLANG_ENABLE_MODULES = YES;
				CLANG_ENABLE_OBJC_ARC = YES;
				CLANG_WARN_BOOL_CONVERSION = YES;
				CLANG_WARN_CONSTANT_CONVERSION = YES;
				CLANG_WARN_DIRECT_OBJC_ISA_USAGE = YES_ERROR;
				CLANG_WARN_EMPTY_BODY = YES;
				CLANG_WARN_ENUM_CONVERSION = YES;
				CLANG_WARN_INT_CONVERSION = YES;
				CLANG_WARN_OBJC_ROOT_CLASS = YES_ERROR;
				CLANG_WARN_UNREACHABLE_CODE = YES;
				CLANG_WARN__DUPLICATE_METHOD_MATCH = YES;
				"CODE_SIGN_IDENTITY[sdk=iphoneos*]" = "iPhone Developer";
				COPY_PHASE_STRIP = NO;
				DEBUG_INFORMATION_FORMAT = "dwarf-with-dsym";
				ENABLE_NS_ASSERTIONS = NO;
				ENABLE_STRICT_OBJC_MSGSEND = YES;
				GCC_C_LANGUAGE_STANDARD = gnu99;
				GCC_NO_COMMON_BLOCKS = YES;
				GCC_WARN_64_TO_32_BIT_CONVERSION = YES;
				GCC_WARN_ABOUT_RETURN_TYPE = YES_ERROR;
				GCC_WARN_UNDECLARED_SELECTOR = YES;
				GCC_WARN_UNINITIALIZED_AUTOS = YES_AGGRESSIVE;
				GCC_WARN_UNUSED_FUNCTION = YES;
				GCC_WARN_UNUSED_VARIABLE = YES;
				IPHONEOS_DEPLOYMENT_TARGET = 9.2;
				MTL_ENABLE_DEBUG_INFO = NO;
				SDKROOT = iphoneos;
				TARGETED_DEVICE_FAMILY = "1,2";
				VALIDATE_PRODUCT = YES;
			};
			name = Release;
		};
		962CBD761C73B43F00316B18 /* Debug */ = {
			isa = XCBuildConfiguration;
			baseConfigurationReference = 283B823A95D87B4F47FF363A /* Pods-LuvCur.debug.xcconfig */;
			buildSettings = {
				ASSETCATALOG_COMPILER_APPICON_NAME = AppIcon;
				INFOPLIST_FILE = LuvCur/Info.plist;
				LD_RUNPATH_SEARCH_PATHS = "$(inherited) @executable_path/Frameworks";
				PRODUCT_BUNDLE_IDENTIFIER = come.LuvCur.LuvCur;
				PRODUCT_NAME = "$(TARGET_NAME)";
				"SWIFT_OBJC_BRIDGING_HEADER[arch=*]" = "";
			};
			name = Debug;
		};
		962CBD771C73B43F00316B18 /* Release */ = {
			isa = XCBuildConfiguration;
			baseConfigurationReference = 4766B641E4F558C386ADBCD0 /* Pods-LuvCur.release.xcconfig */;
			buildSettings = {
				ASSETCATALOG_COMPILER_APPICON_NAME = AppIcon;
				INFOPLIST_FILE = LuvCur/Info.plist;
				LD_RUNPATH_SEARCH_PATHS = "$(inherited) @executable_path/Frameworks";
				PRODUCT_BUNDLE_IDENTIFIER = come.LuvCur.LuvCur;
				PRODUCT_NAME = "$(TARGET_NAME)";
			};
			name = Release;
		};
		962CBD791C73B43F00316B18 /* Debug */ = {
			isa = XCBuildConfiguration;
			baseConfigurationReference = 4812FCD281AE9B3293B5F1B1 /* Pods-LuvCurTests.debug.xcconfig */;
			buildSettings = {
				BUNDLE_LOADER = "$(TEST_HOST)";
				INFOPLIST_FILE = LuvCurTests/Info.plist;
				LD_RUNPATH_SEARCH_PATHS = "$(inherited) @executable_path/Frameworks @loader_path/Frameworks";
				PRODUCT_BUNDLE_IDENTIFIER = come.LuvCur.LuvCurTests;
				PRODUCT_NAME = "$(TARGET_NAME)";
				TEST_HOST = "$(BUILT_PRODUCTS_DIR)/LuvCur.app/LuvCur";
			};
			name = Debug;
		};
		962CBD7A1C73B43F00316B18 /* Release */ = {
			isa = XCBuildConfiguration;
			baseConfigurationReference = ED0656ED2CF01B372874BD43 /* Pods-LuvCurTests.release.xcconfig */;
			buildSettings = {
				BUNDLE_LOADER = "$(TEST_HOST)";
				INFOPLIST_FILE = LuvCurTests/Info.plist;
				LD_RUNPATH_SEARCH_PATHS = "$(inherited) @executable_path/Frameworks @loader_path/Frameworks";
				PRODUCT_BUNDLE_IDENTIFIER = come.LuvCur.LuvCurTests;
				PRODUCT_NAME = "$(TARGET_NAME)";
				TEST_HOST = "$(BUILT_PRODUCTS_DIR)/LuvCur.app/LuvCur";
			};
			name = Release;
		};
		962CBD7C1C73B43F00316B18 /* Debug */ = {
			isa = XCBuildConfiguration;
			baseConfigurationReference = D7E7419C6AC64E5982C8F71A /* Pods-LuvCurUITests.debug.xcconfig */;
			buildSettings = {
				INFOPLIST_FILE = LuvCurUITests/Info.plist;
				LD_RUNPATH_SEARCH_PATHS = "$(inherited) @executable_path/Frameworks @loader_path/Frameworks";
				PRODUCT_BUNDLE_IDENTIFIER = come.LuvCur.LuvCurUITests;
				PRODUCT_NAME = "$(TARGET_NAME)";
				TEST_TARGET_NAME = LuvCur;
				USES_XCTRUNNER = YES;
			};
			name = Debug;
		};
		962CBD7D1C73B43F00316B18 /* Release */ = {
			isa = XCBuildConfiguration;
			baseConfigurationReference = 0033E0F66DC87384ABE00A22 /* Pods-LuvCurUITests.release.xcconfig */;
			buildSettings = {
				INFOPLIST_FILE = LuvCurUITests/Info.plist;
				LD_RUNPATH_SEARCH_PATHS = "$(inherited) @executable_path/Frameworks @loader_path/Frameworks";
				PRODUCT_BUNDLE_IDENTIFIER = come.LuvCur.LuvCurUITests;
				PRODUCT_NAME = "$(TARGET_NAME)";
				TEST_TARGET_NAME = LuvCur;
				USES_XCTRUNNER = YES;
			};
			name = Release;
		};
/* End XCBuildConfiguration section */

/* Begin XCConfigurationList section */
		962CBD481C73B43E00316B18 /* Build configuration list for PBXProject "LuvCur" */ = {
			isa = XCConfigurationList;
			buildConfigurations = (
				962CBD731C73B43F00316B18 /* Debug */,
				962CBD741C73B43F00316B18 /* Release */,
			);
			defaultConfigurationIsVisible = 0;
			defaultConfigurationName = Release;
		};
		962CBD751C73B43F00316B18 /* Build configuration list for PBXNativeTarget "LuvCur" */ = {
			isa = XCConfigurationList;
			buildConfigurations = (
				962CBD761C73B43F00316B18 /* Debug */,
				962CBD771C73B43F00316B18 /* Release */,
			);
			defaultConfigurationIsVisible = 0;
			defaultConfigurationName = Release;
		};
		962CBD781C73B43F00316B18 /* Build configuration list for PBXNativeTarget "LuvCurTests" */ = {
			isa = XCConfigurationList;
			buildConfigurations = (
				962CBD791C73B43F00316B18 /* Debug */,
				962CBD7A1C73B43F00316B18 /* Release */,
			);
			defaultConfigurationIsVisible = 0;
			defaultConfigurationName = Release;
		};
		962CBD7B1C73B43F00316B18 /* Build configuration list for PBXNativeTarget "LuvCurUITests" */ = {
			isa = XCConfigurationList;
			buildConfigurations = (
				962CBD7C1C73B43F00316B18 /* Debug */,
				962CBD7D1C73B43F00316B18 /* Release */,
			);
			defaultConfigurationIsVisible = 0;
			defaultConfigurationName = Release;
		};
/* End XCConfigurationList section */
	};
	rootObject = 962CBD451C73B43E00316B18 /* Project object */;
}
